
Microsoft Visual Studio Solution File, Format Version 12.00
# Visual Studio 14
VisualStudioVersion = 14.0.23107.0
MinimumVisualStudioVersion = 10.0.40219.1
Project("{FAE04EC0-301F-11D3-BF4B-00C04F79EFBC}") = "WebApplication", "WebApplication\WebApplication.csproj", "{F9B4D655-64A7-4B02-BCAB-1055EDCE32BA}"
EndProject
Project("{FAE04EC0-301F-11D3-BF4B-00C04F79EFBC}") = "WebApplication.Tests", "WebApplication.Tests\WebApplication.Tests.csproj", "{9680AFE6-E5F5-4FA5-A03B-CB1934DDB95E}"
EndProject
Global
	GlobalSection(SolutionConfigurationPlatforms) = preSolution
		Debug|Any CPU = Debug|Any CPU
		Release|Any CPU = Release|Any CPU
	EndGlobalSection
	GlobalSection(ProjectConfigurationPlatforms) = postSolution
		{F9B4D655-64A7-4B02-BCAB-1055EDCE32BA}.Debug|Any CPU.ActiveCfg = Debug|Any CPU
		{F9B4D655-64A7-4B02-BCAB-1055EDCE32BA}.Debug|Any CPU.Build.0 = Debug|Any CPU
		{F9B4D655-64A7-4B02-BCAB-1055EDCE32BA}.Release|Any CPU.ActiveCfg = Release|Any CPU
		{F9B4D655-64A7-4B02-BCAB-1055EDCE32BA}.Release|Any CPU.Build.0 = Release|Any CPU
		{9680AFE6-E5F5-4FA5-A03B-CB1934DDB95E}.Debug|Any CPU.ActiveCfg = Debug|Any CPU
		{9680AFE6-E5F5-4FA5-A03B-CB1934DDB95E}.Debug|Any CPU.Build.0 = Debug|Any CPU
		{9680AFE6-E5F5-4FA5-A03B-CB1934DDB95E}.Release|Any CPU.ActiveCfg = Release|Any CPU
		{9680AFE6-E5F5-4FA5-A03B-CB1934DDB95E}.Release|Any CPU.Build.0 = Release|Any CPU
	EndGlobalSection
	GlobalSection(SolutionProperties) = preSolution
		HideSolutionNode = FALSE
	EndGlobalSection
EndGlobal
